
Microsoft Visual Studio Solution File, Format Version 12.00
# Visual Studio Version 16
VisualStudioVersion = 16.0.32002.261
MinimumVisualStudioVersion = 10.0.40219.1
Project("{FAE04EC0-301F-11D3-BF4B-00C04F79EFBC}") = "AssignmentSetup", "AssignmentSetup\AssignmentSetup.csproj", "{79ACC5D0-99A7-436D-9BA4-87A80F22C65F}"
EndProject
Project("{FAE04EC0-301F-11D3-BF4B-00C04F79EFBC}") = "AssignmentSetupTests", "AssignmentSetupTests\AssignmentSetupTests.csproj", "{E3FEF6C4-F417-487E-9082-1577BBA3EF73}"
EndProject
Global
	GlobalSection(SolutionConfigurationPlatforms) = preSolution
		Debug|Any CPU = Debug|Any CPU
		Release|Any CPU = Release|Any CPU
	EndGlobalSection
	GlobalSection(ProjectConfigurationPlatforms) = postSolution
		{79ACC5D0-99A7-436D-9BA4-87A80F22C65F}.Debug|Any CPU.ActiveCfg = Debug|Any CPU
		{79ACC5D0-99A7-436D-9BA4-87A80F22C65F}.Debug|Any CPU.Build.0 = Debug|Any CPU
		{79ACC5D0-99A7-436D-9BA4-87A80F22C65F}.Release|Any CPU.ActiveCfg = Release|Any CPU
		{79ACC5D0-99A7-436D-9BA4-87A80F22C65F}.Release|Any CPU.Build.0 = Release|Any CPU
		{E3FEF6C4-F417-487E-9082-1577BBA3EF73}.Debug|Any CPU.ActiveCfg = Debug|Any CPU
		{E3FEF6C4-F417-487E-9082-1577BBA3EF73}.Debug|Any CPU.Build.0 = Debug|Any CPU
		{E3FEF6C4-F417-487E-9082-1577BBA3EF73}.Release|Any CPU.ActiveCfg = Release|Any CPU
		{E3FEF6C4-F417-487E-9082-1577BBA3EF73}.Release|Any CPU.Build.0 = Release|Any CPU
	EndGlobalSection
	GlobalSection(SolutionProperties) = preSolution
		HideSolutionNode = FALSE
	EndGlobalSection
	GlobalSection(ExtensibilityGlobals) = postSolution
		SolutionGuid = {B2C93BBB-08D2-484C-894E-94AE6C08160C}
	EndGlobalSection
EndGlobal
